PODS:
  - Alamofire (5.4.1)
  - GoogleMaps/Base (4.2.0)
  - GooglePlaces (4.2.0):
    - GoogleMaps/Base (= 4.2.0)

DEPENDENCIES:
  - Alamofire
  - GooglePlaces

SPEC REPOS:
  trunk:
    - Alamofire
    - GoogleMaps
    - GooglePlaces

SPEC CHECKSUMS:
  Alamofire: 2291f7d21ca607c491dd17642e5d40fdcda0e65c
  GoogleMaps: eb03e327edfd70b06de1e6e321653f73712df7ad
  GooglePlaces: 196a9dd88580dcb3f3df46f415057703d0d2a310

PODFILE CHECKSUM: d4902bb0d5ebdc1a1aa52c33f248274c80d86252

COCOAPODS: 1.10.1
